
Microsoft Visual Studio Solution File, Format Version 12.00
# Visual Studio Version 17
VisualStudioVersion = 17.0.32126.317
MinimumVisualStudioVersion = 10.0.40219.1
Project("{FAE04EC0-301F-11D3-BF4B-00C04F79EFBC}") = "MoviesAPI", "MoviesAPI\MoviesAPI.csproj", "{1E1901F9-0425-4848-9D3D-A23414279666}"
EndProject
Global
	GlobalSection(SolutionConfigurationPlatforms) = preSolution
		Debug|Any CPU = Debug|Any CPU
		Release|Any CPU = Release|Any CPU
	EndGlobalSection
	GlobalSection(ProjectConfigurationPlatforms) = postSolution
		{1E1901F9-0425-4848-9D3D-A23414279666}.Debug|Any CPU.ActiveCfg = Debug|Any CPU
		{1E1901F9-0425-4848-9D3D-A23414279666}.Debug|Any CPU.Build.0 = Debug|Any CPU
		{1E1901F9-0425-4848-9D3D-A23414279666}.Release|Any CPU.ActiveCfg = Release|Any CPU
		{1E1901F9-0425-4848-9D3D-A23414279666}.Release|Any CPU.Build.0 = Release|Any CPU
	EndGlobalSection
	GlobalSection(SolutionProperties) = preSolution
		HideSolutionNode = FALSE
	EndGlobalSection
	GlobalSection(ExtensibilityGlobals) = postSolution
		SolutionGuid = {98B91A20-CF1C-45F1-8F25-83D007BB5006}
	EndGlobalSection
EndGlobal
